// !$*UTF8*$!
{
	archiveVersion = 1;
	classes = {
	};
	objectVersion = 50;
	objects = {

/* Begin PBXBuildFile section */
		105D8D99264311C5008ADF3B /* RestaurantView.storyboard in Resources */ = {isa = PBXBuildFile; fileRef = 105D8D98264311C5008ADF3B /* RestaurantView.storyboard */; };
		105D8D9C264311ED008ADF3B /* RestaurantView.swift in Sources */ = {isa = PBXBuildFile; fileRef = 105D8D9B264311ED008ADF3B /* RestaurantView.swift */; };
		105D8DAC26441C3B008ADF3B /* PubBarLogic.swift in Sources */ = {isa = PBXBuildFile; fileRef = 105D8DAB26441C3B008ADF3B /* PubBarLogic.swift */; };
		105D8DB126445D38008ADF3B /* ReservationForm.storyboard in Resources */ = {isa = PBXBuildFile; fileRef = 105D8DB026445D38008ADF3B /* ReservationForm.storyboard */; };
		105D8DB426445D5D008ADF3B /* ReservationForm.swift in Sources */ = {isa = PBXBuildFile; fileRef = 105D8DB326445D5D008ADF3B /* ReservationForm.swift */; };
		10947D87264D4D630029D781 /* RestaurantCollectionVC.swift in Sources */ = {isa = PBXBuildFile; fileRef = 10947D86264D4D630029D781 /* RestaurantCollectionVC.swift */; };
		10947D8B264D4D7B0029D781 /* RestaurantCollectionVC.storyboard in Resources */ = {isa = PBXBuildFile; fileRef = 10947D8A264D4D7B0029D781 /* RestaurantCollectionVC.storyboard */; };
		10947D8E264D4FA90029D781 /* RestaurantCollectionViewCell.swift in Sources */ = {isa = PBXBuildFile; fileRef = 10947D8D264D4FA90029D781 /* RestaurantCollectionViewCell.swift */; };
		10A93DBB26413F4C00FF970B /* AppDelegate.swift in Sources */ = {isa = PBXBuildFile; fileRef = 10A93DBA26413F4C00FF970B /* AppDelegate.swift */; };
		10A93DBD26413F4C00FF970B /* SceneDelegate.swift in Sources */ = {isa = PBXBuildFile; fileRef = 10A93DBC26413F4C00FF970B /* SceneDelegate.swift */; };
		10A93DBF26413F4C00FF970B /* ViewController.swift in Sources */ = {isa = PBXBuildFile; fileRef = 10A93DBE26413F4C00FF970B /* ViewController.swift */; };
		10A93DC226413F4C00FF970B /* Main.storyboard in Resources */ = {isa = PBXBuildFile; fileRef = 10A93DC026413F4C00FF970B /* Main.storyboard */; };
		10A93DC426413F5000FF970B /* Assets.xcassets in Resources */ = {isa = PBXBuildFile; fileRef = 10A93DC326413F5000FF970B /* Assets.xcassets */; };
		10A93DC726413F5000FF970B /* LaunchScreen.storyboard in Resources */ = {isa = PBXBuildFile; fileRef = 10A93DC526413F5000FF970B /* LaunchScreen.storyboard */; };
/* End PBXBuildFile section */

/* Begin PBXFileReference section */
		105D8D98264311C5008ADF3B /* RestaurantView.storyboard */ = {isa = PBXFileReference; lastKnownFileType = file.storyboard; path = RestaurantView.storyboard; sourceTree = "<group>"; };
		105D8D9B264311ED008ADF3B /* RestaurantView.swift */ = {isa = PBXFileReference; lastKnownFileType = sourcecode.swift; path = RestaurantView.swift; sourceTree = "<group>"; };
		105D8DAB26441C3B008ADF3B /* PubBarLogic.swift */ = {isa = PBXFileReference; lastKnownFileType = sourcecode.swift; path = PubBarLogic.swift; sourceTree = "<group>"; };
		105D8DB026445D38008ADF3B /* ReservationForm.storyboard */ = {isa = PBXFileReference; lastKnownFileType = file.storyboard; path = ReservationForm.storyboard; sourceTree = "<group>"; };
		105D8DB326445D5D008ADF3B /* ReservationForm.swift */ = {isa = PBXFileReference; lastKnownFileType = sourcecode.swift; path = ReservationForm.swift; sourceTree = "<group>"; };
		10947D86264D4D630029D781 /* RestaurantCollectionVC.swift */ = {isa = PBXFileReference; lastKnownFileType = sourcecode.swift; path = RestaurantCollectionVC.swift; sourceTree = "<group>"; };
		10947D8A264D4D7B0029D781 /* RestaurantCollectionVC.storyboard */ = {isa = PBXFileReference; lastKnownFileType = file.storyboard; path = RestaurantCollectionVC.storyboard; sourceTree = "<group>"; };
		10947D8D264D4FA90029D781 /* RestaurantCollectionViewCell.swift */ = {isa = PBXFileReference; lastKnownFileType = sourcecode.swift; path = RestaurantCollectionViewCell.swift; sourceTree = "<group>"; };
		10A93DB726413F4C00FF970B /* PubBar.app */ = {isa = PBXFileReference; explicitFileType = wrapper.application; includeInIndex = 0; path = PubBar.app; sourceTree = BUILT_PRODUCTS_DIR; };
		10A93DBA26413F4C00FF970B /* AppDelegate.swift */ = {isa = PBXFileReference; lastKnownFileType = sourcecode.swift; path = AppDelegate.swift; sourceTree = "<group>"; };
		10A93DBC26413F4C00FF970B /* SceneDelegate.swift */ = {isa = PBXFileReference; lastKnownFileType = sourcecode.swift; path = SceneDelegate.swift; sourceTree = "<group>"; };
		10A93DBE26413F4C00FF970B /* ViewController.swift */ = {isa = PBXFileReference; lastKnownFileType = sourcecode.swift; path = ViewController.swift; sourceTree = "<group>"; };
		10A93DC126413F4C00FF970B /* Base */ = {isa = PBXFileReference; lastKnownFileType = file.storyboard; name = Base; path = Base.lproj/Main.storyboard; sourceTree = "<group>"; };
		10A93DC326413F5000FF970B /* Assets.xcassets */ = {isa = PBXFileReference; lastKnownFileType = folder.assetcatalog; path = Assets.xcassets; sourceTree = "<group>"; };
		10A93DC626413F5000FF970B /* Base */ = {isa = PBXFileReference; lastKnownFileType = file.storyboard; name = Base; path = Base.lproj/LaunchScreen.storyboard; sourceTree = "<group>"; };
		10A93DC826413F5000FF970B /* Info.plist */ = {isa = PBXFileReference; lastKnownFileType = text.plist.xml; path = Info.plist; sourceTree = "<group>"; };
/* End PBXFileReference section */

/* Begin PBXFrameworksBuildPhase section */
		10A93DB426413F4C00FF970B /* Frameworks */ = {
			isa = PBXFrameworksBuildPhase;
			buildActionMask = 2147483647;
			files = (
			);
			runOnlyForDeploymentPostprocessing = 0;
		};
/* End PBXFrameworksBuildPhase section */

/* Begin PBXGroup section */
		105D8D97264311A3008ADF3B /* RestautrantView */ = {
			isa = PBXGroup;
			children = (
				105D8D98264311C5008ADF3B /* RestaurantView.storyboard */,
				105D8D9B264311ED008ADF3B /* RestaurantView.swift */,
				10947D86264D4D630029D781 /* RestaurantCollectionVC.swift */,
				10947D8A264D4D7B0029D781 /* RestaurantCollectionVC.storyboard */,
				10947D8D264D4FA90029D781 /* RestaurantCollectionViewCell.swift */,
			);
			name = RestautrantView;
			sourceTree = "<group>";
		};
		105D8DAA26441C0D008ADF3B /* PubBarLogic */ = {
			isa = PBXGroup;
			children = (
				105D8DAB26441C3B008ADF3B /* PubBarLogic.swift */,
			);
			path = PubBarLogic;
			sourceTree = "<group>";
		};
		105D8DAF26445D1E008ADF3B /* ReservationForm */ = {
			isa = PBXGroup;
			children = (
				105D8DB026445D38008ADF3B /* ReservationForm.storyboard */,
				105D8DB326445D5D008ADF3B /* ReservationForm.swift */,
			);
			path = ReservationForm;
			sourceTree = "<group>";
		};
		10A93DAE26413F4C00FF970B = {
			isa = PBXGroup;
			children = (
				105D8DAF26445D1E008ADF3B /* ReservationForm */,
				105D8DAA26441C0D008ADF3B /* PubBarLogic */,
				10A93DB926413F4C00FF970B /* PubBar */,
				105D8D97264311A3008ADF3B /* RestautrantView */,
				10A93DB826413F4C00FF970B /* Products */,
			);
			sourceTree = "<group>";
		};
		10A93DB826413F4C00FF970B /* Products */ = {
			isa = PBXGroup;
			children = (
				10A93DB726413F4C00FF970B /* PubBar.app */,
			);
			name = Products;
			sourceTree = "<group>";
		};
		10A93DB926413F4C00FF970B /* PubBar */ = {
			isa = PBXGroup;
			children = (
				10A93DBA26413F4C00FF970B /* AppDelegate.swift */,
				10A93DBC26413F4C00FF970B /* SceneDelegate.swift */,
				10A93DBE26413F4C00FF970B /* ViewController.swift */,
				10A93DC026413F4C00FF970B /* Main.storyboard */,
				10A93DC326413F5000FF970B /* Assets.xcassets */,
				10A93DC526413F5000FF970B /* LaunchScreen.storyboard */,
				10A93DC826413F5000FF970B /* Info.plist */,
			);
			path = PubBar;
			sourceTree = "<group>";
		};
/* End PBXGroup section */

/* Begin PBXNativeTarget section */
		10A93DB626413F4C00FF970B /* PubBar */ = {
			isa = PBXNativeTarget;
			buildConfigurationList = 10A93DCB26413F5000FF970B /* Build configuration list for PBXNativeTarget "PubBar" */;
			buildPhases = (
				10A93DB326413F4C00FF970B /* Sources */,
				10A93DB426413F4C00FF970B /* Frameworks */,
				10A93DB526413F4C00FF970B /* Resources */,
			);
			buildRules = (
			);
			dependencies = (
			);
			name = PubBar;
			productName = PubBar;
			productReference = 10A93DB726413F4C00FF970B /* PubBar.app */;
			productType = "com.apple.product-type.application";
		};
/* End PBXNativeTarget section */

/* Begin PBXProject section */
		10A93DAF26413F4C00FF970B /* Project object */ = {
			isa = PBXProject;
			attributes = {
				LastSwiftUpdateCheck = 1240;
				LastUpgradeCheck = 1240;
				TargetAttributes = {
					10A93DB626413F4C00FF970B = {
						CreatedOnToolsVersion = 12.4;
					};
				};
			};
			buildConfigurationList = 10A93DB226413F4C00FF970B /* Build configuration list for PBXProject "PubBar" */;
			compatibilityVersion = "Xcode 9.3";
			developmentRegion = en;
			hasScannedForEncodings = 0;
			knownRegions = (
				en,
				Base,
			);
			mainGroup = 10A93DAE26413F4C00FF970B;
			productRefGroup = 10A93DB826413F4C00FF970B /* Products */;
			projectDirPath = "";
			projectRoot = "";
			targets = (
				10A93DB626413F4C00FF970B /* PubBar */,
			);
		};
/* End PBXProject section */

/* Begin PBXResourcesBuildPhase section */
		10A93DB526413F4C00FF970B /* Resources */ = {
			isa = PBXResourcesBuildPhase;
			buildActionMask = 2147483647;
			files = (
				10947D8B264D4D7B0029D781 /* RestaurantCollectionVC.storyboard in Resources */,
				10A93DC726413F5000FF970B /* LaunchScreen.storyboard in Resources */,
				10A93DC426413F5000FF970B /* Assets.xcassets in Resources */,
				105D8D99264311C5008ADF3B /* RestaurantView.storyboard in Resources */,
				105D8DB126445D38008ADF3B /* ReservationForm.storyboard in Resources */,
				10A93DC226413F4C00FF970B /* Main.storyboard in Resources */,
			);
			runOnlyForDeploymentPostprocessing = 0;
		};
/* End PBXResourcesBuildPhase section */

/* Begin PBXSourcesBuildPhase section */
		10A93DB326413F4C00FF970B /* Sources */ = {
			isa = PBXSourcesBuildPhase;
			buildActionMask = 2147483647;
			files = (
				105D8DAC26441C3B008ADF3B /* PubBarLogic.swift in Sources */,
				10947D8E264D4FA90029D781 /* RestaurantCollectionViewCell.swift in Sources */,
				10A93DBF26413F4C00FF970B /* ViewController.swift in Sources */,
				105D8DB426445D5D008ADF3B /* ReservationForm.swift in Sources */,
				10A93DBB26413F4C00FF970B /* AppDelegate.swift in Sources */,
				105D8D9C264311ED008ADF3B /* RestaurantView.swift in Sources */,
				10947D87264D4D630029D781 /* RestaurantCollectionVC.swift in Sources */,
				10A93DBD26413F4C00FF970B /* SceneDelegate.swift in Sources */,
			);
			runOnlyForDeploymentPostprocessing = 0;
		};
/* End PBXSourcesBuildPhase section */

/* Begin PBXVariantGroup section */
		10A93DC026413F4C00FF970B /* Main.storyboard */ = {
			isa = PBXVariantGroup;
			children = (
				10A93DC126413F4C00FF970B /* Base */,
			);
			name = Main.storyboard;
			sourceTree = "<group>";
		};
		10A93DC526413F5000FF970B /* LaunchScreen.storyboard */ = {
			isa = PBXVariantGroup;
			children = (
				10A93DC626413F5000FF970B /* Base */,
			);
			name = LaunchScreen.storyboard;
			sourceTree = "<group>";
		};
/* End PBXVariantGroup section */

/* Begin XCBuildConfiguration section */
		10A93DC926413F5000FF970B /* Debug */ = {
			isa = XCBuildConfiguration;
			buildSettings = {
				ALWAYS_SEARCH_USER_PATHS = NO;
				CLANG_ANALYZER_NONNULL = YES;
				CLANG_ANALYZER_NUMBER_OBJECT_CONVERSION = YES_AGGRESSIVE;
				CLANG_CXX_LANGUAGE_STANDARD = "gnu++14";
				CLANG_CXX_LIBRARY = "libc++";
				CLANG_ENABLE_MODULES = YES;
				CLANG_ENABLE_OBJC_ARC = YES;
				CLANG_ENABLE_OBJC_WEAK = YES;
				CLANG_WARN_BLOCK_CAPTURE_AUTORELEASING = YES;
				CLANG_WARN_BOOL_CONVERSION = YES;
				CLANG_WARN_COMMA = YES;
				CLANG_WARN_CONSTANT_CONVERSION = YES;
				CLANG_WARN_DEPRECATED_OBJC_IMPLEMENTATIONS = YES;
				CLANG_WARN_DIRECT_OBJC_ISA_USAGE = YES_ERROR;
				CLANG_WARN_DOCUMENTATION_COMMENTS = YES;
				CLANG_WARN_EMPTY_BODY = YES;
				CLANG_WARN_ENUM_CONVERSION = YES;
				CLANG_WARN_INFINITE_RECURSION = YES;
				CLANG_WARN_INT_CONVERSION = YES;
				CLANG_WARN_NON_LITERAL_NULL_CONVERSION = YES;
				CLANG_WARN_OBJC_IMPLICIT_RETAIN_SELF = YES;
				CLANG_WARN_OBJC_LITERAL_CONVERSION = YES;
				CLANG_WARN_OBJC_ROOT_CLASS = YES_ERROR;
				CLANG_WARN_QUOTED_INCLUDE_IN_FRAMEWORK_HEADER = YES;
				CLANG_WARN_RANGE_LOOP_ANALYSIS = YES;
				CLANG_WARN_STRICT_PROTOTYPES = YES;
				CLANG_WARN_SUSPICIOUS_MOVE = YES;
				CLANG_WARN_UNGUARDED_AVAILABILITY = YES_AGGRESSIVE;
				CLANG_WARN_UNREACHABLE_CODE = YES;
				CLANG_WARN__DUPLICATE_METHOD_MATCH = YES;
				COPY_PHASE_STRIP = NO;
				DEBUG_INFORMATION_FORMAT = dwarf;
				ENABLE_STRICT_OBJC_MSGSEND = YES;
				ENABLE_TESTABILITY = YES;
				GCC_C_LANGUAGE_STANDARD = gnu11;
				GCC_DYNAMIC_NO_PIC = NO;
				GCC_NO_COMMON_BLOCKS = YES;
				GCC_OPTIMIZATION_LEVEL = 0;
				GCC_PREPROCESSOR_DEFINITIONS = (
					"DEBUG=1",
					"$(inherited)",
				);
				GCC_WARN_64_TO_32_BIT_CONVERSION = YES;
				GCC_WARN_ABOUT_RETURN_TYPE = YES_ERROR;
				GCC_WARN_UNDECLARED_SELECTOR = YES;
				GCC_WARN_UNINITIALIZED_AUTOS = YES_AGGRESSIVE;
				GCC_WARN_UNUSED_FUNCTION = YES;
				GCC_WARN_UNUSED_VARIABLE = YES;
				IPHONEOS_DEPLOYMENT_TARGET = 14.4;
				MTL_ENABLE_DEBUG_INFO = INCLUDE_SOURCE;
				MTL_FAST_MATH = YES;
				ONLY_ACTIVE_ARCH = YES;
				SDKROOT = iphoneos;
				SWIFT_ACTIVE_COMPILATION_CONDITIONS = DEBUG;
				SWIFT_OPTIMIZATION_LEVEL = "-Onone";
			};
			name = Debug;
		};
		10A93DCA26413F5000FF970B /* Release */ = {
			isa = XCBuildConfiguration;
			buildSettings = {
				ALWAYS_SEARCH_USER_PATHS = NO;
				CLANG_ANALYZER_NONNULL = YES;
				CLANG_ANALYZER_NUMBER_OBJECT_CONVERSION = YES_AGGRESSIVE;
				CLANG_CXX_LANGUAGE_STANDARD = "gnu++14";
				CLANG_CXX_LIBRARY = "libc++";
				CLANG_ENABLE_MODULES = YES;
				CLANG_ENABLE_OBJC_ARC = YES;
				CLANG_ENABLE_OBJC_WEAK = YES;
				CLANG_WARN_BLOCK_CAPTURE_AUTORELEASING = YES;
				CLANG_WARN_BOOL_CONVERSION = YES;
				CLANG_WARN_COMMA = YES;
				CLANG_WARN_CONSTANT_CONVERSION = YES;
				CLANG_WARN_DEPRECATED_OBJC_IMPLEMENTATIONS = YES;
				CLANG_WARN_DIRECT_OBJC_ISA_USAGE = YES_ERROR;
				CLANG_WARN_DOCUMENTATION_COMMENTS = YES;
				CLANG_WARN_EMPTY_BODY = YES;
				CLANG_WARN_ENUM_CONVERSION = YES;
				CLANG_WARN_INFINITE_RECURSION = YES;
				CLANG_WARN_INT_CONVERSION = YES;
				CLANG_WARN_NON_LITERAL_NULL_CONVERSION = YES;
				CLANG_WARN_OBJC_IMPLICIT_RETAIN_SELF = YES;
				CLANG_WARN_OBJC_LITERAL_CONVERSION = YES;
				CLANG_WARN_OBJC_ROOT_CLASS = YES_ERROR;
				CLANG_WARN_QUOTED_INCLUDE_IN_FRAMEWORK_HEADER = YES;
				CLANG_WARN_RANGE_LOOP_ANALYSIS = YES;
				CLANG_WARN_STRICT_PROTOTYPES = YES;
				CLANG_WARN_SUSPICIOUS_MOVE = YES;
				CLANG_WARN_UNGUARDED_AVAILABILITY = YES_AGGRESSIVE;
				CLANG_WARN_UNREACHABLE_CODE = YES;
				CLANG_WARN__DUPLICATE_METHOD_MATCH = YES;
				COPY_PHASE_STRIP = NO;
				DEBUG_INFORMATION_FORMAT = "dwarf-with-dsym";
				ENABLE_NS_ASSERTIONS = NO;
				ENABLE_STRICT_OBJC_MSGSEND = YES;
				GCC_C_LANGUAGE_STANDARD = gnu11;
				GCC_NO_COMMON_BLOCKS = YES;
				GCC_WARN_64_TO_32_BIT_CONVERSION = YES;
				GCC_WARN_ABOUT_RETURN_TYPE = YES_ERROR;
				GCC_WARN_UNDECLARED_SELECTOR = YES;
				GCC_WARN_UNINITIALIZED_AUTOS = YES_AGGRESSIVE;
				GCC_WARN_UNUSED_FUNCTION = YES;
				GCC_WARN_UNUSED_VARIABLE = YES;
				IPHONEOS_DEPLOYMENT_TARGET = 14.4;
				MTL_ENABLE_DEBUG_INFO = NO;
				MTL_FAST_MATH = YES;
				SDKROOT = iphoneos;
				SWIFT_COMPILATION_MODE = wholemodule;
				SWIFT_OPTIMIZATION_LEVEL = "-O";
				VALIDATE_PRODUCT = YES;
			};
			name = Release;
		};
		10A93DCC26413F5000FF970B /* Debug */ = {
			isa = XCBuildConfiguration;
			buildSettings = {
				ASSETCATALOG_COMPILER_APPICON_NAME = AppIcon;
				ASSETCATALOG_COMPILER_GLOBAL_ACCENT_COLOR_NAME = AccentColor;
				CODE_SIGN_STYLE = Automatic;
				INFOPLIST_FILE = PubBar/Info.plist;
				LD_RUNPATH_SEARCH_PATHS = (
					"$(inherited)",
					"@executable_path/Frameworks",
				);
				PRODUCT_BUNDLE_IDENTIFIER = LN.PubBar;
				PRODUCT_NAME = "$(TARGET_NAME)";
				SWIFT_VERSION = 5.0;
				TARGETED_DEVICE_FAMILY = "1,2";
			};
			name = Debug;
		};
		10A93DCD26413F5000FF970B /* Release */ = {
			isa = XCBuildConfiguration;
			buildSettings = {
				ASSETCATALOG_COMPILER_APPICON_NAME = AppIcon;
				ASSETCATALOG_COMPILER_GLOBAL_ACCENT_COLOR_NAME = AccentColor;
				CODE_SIGN_STYLE = Automatic;
				INFOPLIST_FILE = PubBar/Info.plist;
				LD_RUNPATH_SEARCH_PATHS = (
					"$(inherited)",
					"@executable_path/Frameworks",
				);
				PRODUCT_BUNDLE_IDENTIFIER = LN.PubBar;
				PRODUCT_NAME = "$(TARGET_NAME)";
				SWIFT_VERSION = 5.0;
				TARGETED_DEVICE_FAMILY = "1,2";
			};
			name = Release;
		};
/* End XCBuildConfiguration section */

/* Begin XCConfigurationList section */
		10A93DB226413F4C00FF970B /* Build configuration list for PBXProject "PubBar" */ = {
			isa = XCConfigurationList;
			buildConfigurations = (
				10A93DC926413F5000FF970B /* Debug */,
				10A93DCA26413F5000FF970B /* Release */,
			);
			defaultConfigurationIsVisible = 0;
			defaultConfigurationName = Release;
		};
		10A93DCB26413F5000FF970B /* Build configuration list for PBXNativeTarget "PubBar" */ = {
			isa = XCConfigurationList;
			buildConfigurations = (
				10A93DCC26413F5000FF970B /* Debug */,
				10A93DCD26413F5000FF970B /* Release */,
			);
			defaultConfigurationIsVisible = 0;
			defaultConfigurationName = Release;
		};
/* End XCConfigurationList section */
	};
	rootObject = 10A93DAF26413F4C00FF970B /* Project object */;
}
